# This file is automatically @generated by Cargo.
# It is not intended for manual editing.
version = 3

[[package]]
name = "flecs-console-client"
version = "0.1.0"

[[package]]
name = "flecs-core"
version = "0.1.0"
dependencies = [
 "flecs-console-client",
 "flecsd-axum-server",
 "flecstract",
]

[[package]]
name = "flecsd-axum-server"
version = "0.1.0"

[[package]]
name = "flecsdaemon"
version = "0.1.0"
dependencies = [
 "flecs-core",
]

[[package]]
name = "flecstract"
version = "0.1.0"
